
Microsoft Visual Studio Solution File, Format Version 12.00
# Visual Studio Version 16
VisualStudioVersion = 16.0.29806.167
MinimumVisualStudioVersion = 10.0.40219.1
Project("{FAE04EC0-301F-11D3-BF4B-00C04F79EFBC}") = "Server", "Server\Server.csproj", "{4988CF11-13E1-416A-89F0-29766A684B5E}"
EndProject
Project("{FAE04EC0-301F-11D3-BF4B-00C04F79EFBC}") = "Client", "Client\Client.csproj", "{919B6EDB-C01C-4C58-B08E-6C6B1FAFEDA4}"
EndProject
Project("{FAE04EC0-301F-11D3-BF4B-00C04F79EFBC}") = "Common", "Common\Common.csproj", "{B746EEFD-4607-40C7-ACFE-7EFB6B79EFCF}"
EndProject
Global
	GlobalSection(SolutionConfigurationPlatforms) = preSolution
		Debug|Any CPU = Debug|Any CPU
		Release|Any CPU = Release|Any CPU
	EndGlobalSection
	GlobalSection(ProjectConfigurationPlatforms) = postSolution
		{4988CF11-13E1-416A-89F0-29766A684B5E}.Debug|Any CPU.ActiveCfg = Debug|Any CPU
		{4988CF11-13E1-416A-89F0-29766A684B5E}.Debug|Any CPU.Build.0 = Debug|Any CPU
		{4988CF11-13E1-416A-89F0-29766A684B5E}.Release|Any CPU.ActiveCfg = Release|Any CPU
		{4988CF11-13E1-416A-89F0-29766A684B5E}.Release|Any CPU.Build.0 = Release|Any CPU
		{919B6EDB-C01C-4C58-B08E-6C6B1FAFEDA4}.Debug|Any CPU.ActiveCfg = Debug|Any CPU
		{919B6EDB-C01C-4C58-B08E-6C6B1FAFEDA4}.Debug|Any CPU.Build.0 = Debug|Any CPU
		{919B6EDB-C01C-4C58-B08E-6C6B1FAFEDA4}.Release|Any CPU.ActiveCfg = Release|Any CPU
		{919B6EDB-C01C-4C58-B08E-6C6B1FAFEDA4}.Release|Any CPU.Build.0 = Release|Any CPU
		{B746EEFD-4607-40C7-ACFE-7EFB6B79EFCF}.Debug|Any CPU.ActiveCfg = Debug|Any CPU
		{B746EEFD-4607-40C7-ACFE-7EFB6B79EFCF}.Debug|Any CPU.Build.0 = Debug|Any CPU
		{B746EEFD-4607-40C7-ACFE-7EFB6B79EFCF}.Release|Any CPU.ActiveCfg = Release|Any CPU
		{B746EEFD-4607-40C7-ACFE-7EFB6B79EFCF}.Release|Any CPU.Build.0 = Release|Any CPU
	EndGlobalSection
	GlobalSection(SolutionProperties) = preSolution
		HideSolutionNode = FALSE
	EndGlobalSection
	GlobalSection(ExtensibilityGlobals) = postSolution
		SolutionGuid = {469E2F13-63AC-4CAD-93E6-0C4AE299CC82}
	EndGlobalSection
EndGlobal
