
Microsoft Visual Studio Solution File, Format Version 12.00
# Visual Studio Version 16
VisualStudioVersion = 16.0.30320.27
MinimumVisualStudioVersion = 10.0.40219.1
Project("{9A19103F-16F7-4668-BE54-9A1E7A4F7556}") = "Basic.Web", "TestDemo.Basic.Web\Basic.Web.csproj", "{C56432D4-45DF-4C38-A26F-7B12EB54F6C2}"
EndProject
Project("{9A19103F-16F7-4668-BE54-9A1E7A4F7556}") = "Basic.Common", "TestDemo.Comm\Basic.Common.csproj", "{5622ABB8-1D6B-4111-B846-1B5AC5FC9DC1}"
EndProject
Project("{9A19103F-16F7-4668-BE54-9A1E7A4F7556}") = "Common", "..\Common\Common.csproj", "{853732A4-8120-471E-8B2B-21022D97FBEB}"
EndProject
Project("{2150E333-8FDC-42A3-9474-1A3956D46DE8}") = "领域层", "领域层", "{20D32270-9346-4CD6-9861-AFEF2ACA5ACA}"
EndProject
Project("{2150E333-8FDC-42A3-9474-1A3956D46DE8}") = "应用层", "应用层", "{A830E213-9E7F-4F61-A04F-6DE1705BF7B9}"
EndProject
Project("{2150E333-8FDC-42A3-9474-1A3956D46DE8}") = "交互层", "交互层", "{0C0D3663-4B5F-40F5-9A70-BDCF7E00D1A2}"
EndProject
Project("{2150E333-8FDC-42A3-9474-1A3956D46DE8}") = "基础设施层", "基础设施层", "{220BD3D1-6302-4B2A-BA2E-B26717B2BB19}"
EndProject
Project("{9A19103F-16F7-4668-BE54-9A1E7A4F7556}") = "Basic.IRepository", "Basic.Domain\Basic.IRepository.csproj", "{94AAB63C-29A7-4C4C-B475-55BD85E9116F}"
EndProject
Project("{9A19103F-16F7-4668-BE54-9A1E7A4F7556}") = "Basic.Repository", "Basic.Repository\Basic.Repository.csproj", "{E084D833-B0D3-498E-B05B-A3600FC89CA8}"
EndProject
Project("{9A19103F-16F7-4668-BE54-9A1E7A4F7556}") = "Basic.Entites", "Basic.Entites\Basic.Entites.csproj", "{462B5608-F064-40C2-84E0-BAB0810549FA}"
EndProject
Project("{9A19103F-16F7-4668-BE54-9A1E7A4F7556}") = "Basic.Service", "Basic.Service\Basic.Service.csproj", "{BFEC9FE5-08D0-44A6-8753-6E13EF635D57}"
EndProject
Project("{2150E333-8FDC-42A3-9474-1A3956D46DE8}") = "id4权限验证", "id4权限验证", "{B41E86A1-01CF-4344-9570-C5E7FD8D07B1}"
EndProject
Project("{FAE04EC0-301F-11D3-BF4B-00C04F79EFBC}") = "Basic.Id4.Web", "Basic.Id4.Web\Basic.Id4.Web.csproj", "{C1BC048D-BDE3-4AE0-B102-0CDF230E6A5F}"
EndProject
Global
	GlobalSection(SolutionConfigurationPlatforms) = preSolution
		Debug|Any CPU = Debug|Any CPU
		Release|Any CPU = Release|Any CPU
	EndGlobalSection
	GlobalSection(ProjectConfigurationPlatforms) = postSolution
		{C56432D4-45DF-4C38-A26F-7B12EB54F6C2}.Debug|Any CPU.ActiveCfg = Debug|Any CPU
		{C56432D4-45DF-4C38-A26F-7B12EB54F6C2}.Debug|Any CPU.Build.0 = Debug|Any CPU
		{C56432D4-45DF-4C38-A26F-7B12EB54F6C2}.Release|Any CPU.ActiveCfg = Release|Any CPU
		{C56432D4-45DF-4C38-A26F-7B12EB54F6C2}.Release|Any CPU.Build.0 = Release|Any CPU
		{5622ABB8-1D6B-4111-B846-1B5AC5FC9DC1}.Debug|Any CPU.ActiveCfg = Debug|Any CPU
		{5622ABB8-1D6B-4111-B846-1B5AC5FC9DC1}.Debug|Any CPU.Build.0 = Debug|Any CPU
		{5622ABB8-1D6B-4111-B846-1B5AC5FC9DC1}.Release|Any CPU.ActiveCfg = Release|Any CPU
		{5622ABB8-1D6B-4111-B846-1B5AC5FC9DC1}.Release|Any CPU.Build.0 = Release|Any CPU
		{853732A4-8120-471E-8B2B-21022D97FBEB}.Debug|Any CPU.ActiveCfg = Debug|Any CPU
		{853732A4-8120-471E-8B2B-21022D97FBEB}.Debug|Any CPU.Build.0 = Debug|Any CPU
		{853732A4-8120-471E-8B2B-21022D97FBEB}.Release|Any CPU.ActiveCfg = Release|Any CPU
		{853732A4-8120-471E-8B2B-21022D97FBEB}.Release|Any CPU.Build.0 = Release|Any CPU
		{94AAB63C-29A7-4C4C-B475-55BD85E9116F}.Debug|Any CPU.ActiveCfg = Debug|Any CPU
		{94AAB63C-29A7-4C4C-B475-55BD85E9116F}.Debug|Any CPU.Build.0 = Debug|Any CPU
		{94AAB63C-29A7-4C4C-B475-55BD85E9116F}.Release|Any CPU.ActiveCfg = Release|Any CPU
		{94AAB63C-29A7-4C4C-B475-55BD85E9116F}.Release|Any CPU.Build.0 = Release|Any CPU
		{E084D833-B0D3-498E-B05B-A3600FC89CA8}.Debug|Any CPU.ActiveCfg = Debug|Any CPU
		{E084D833-B0D3-498E-B05B-A3600FC89CA8}.Debug|Any CPU.Build.0 = Debug|Any CPU
		{E084D833-B0D3-498E-B05B-A3600FC89CA8}.Release|Any CPU.ActiveCfg = Release|Any CPU
		{E084D833-B0D3-498E-B05B-A3600FC89CA8}.Release|Any CPU.Build.0 = Release|Any CPU
		{462B5608-F064-40C2-84E0-BAB0810549FA}.Debug|Any CPU.ActiveCfg = Debug|Any CPU
		{462B5608-F064-40C2-84E0-BAB0810549FA}.Debug|Any CPU.Build.0 = Debug|Any CPU
		{462B5608-F064-40C2-84E0-BAB0810549FA}.Release|Any CPU.ActiveCfg = Release|Any CPU
		{462B5608-F064-40C2-84E0-BAB0810549FA}.Release|Any CPU.Build.0 = Release|Any CPU
		{BFEC9FE5-08D0-44A6-8753-6E13EF635D57}.Debug|Any CPU.ActiveCfg = Debug|Any CPU
		{BFEC9FE5-08D0-44A6-8753-6E13EF635D57}.Debug|Any CPU.Build.0 = Debug|Any CPU
		{BFEC9FE5-08D0-44A6-8753-6E13EF635D57}.Release|Any CPU.ActiveCfg = Release|Any CPU
		{BFEC9FE5-08D0-44A6-8753-6E13EF635D57}.Release|Any CPU.Build.0 = Release|Any CPU
		{C1BC048D-BDE3-4AE0-B102-0CDF230E6A5F}.Debug|Any CPU.ActiveCfg = Debug|Any CPU
		{C1BC048D-BDE3-4AE0-B102-0CDF230E6A5F}.Debug|Any CPU.Build.0 = Debug|Any CPU
		{C1BC048D-BDE3-4AE0-B102-0CDF230E6A5F}.Release|Any CPU.ActiveCfg = Release|Any CPU
		{C1BC048D-BDE3-4AE0-B102-0CDF230E6A5F}.Release|Any CPU.Build.0 = Release|Any CPU
	EndGlobalSection
	GlobalSection(SolutionProperties) = preSolution
		HideSolutionNode = FALSE
	EndGlobalSection
	GlobalSection(NestedProjects) = preSolution
		{C56432D4-45DF-4C38-A26F-7B12EB54F6C2} = {0C0D3663-4B5F-40F5-9A70-BDCF7E00D1A2}
		{5622ABB8-1D6B-4111-B846-1B5AC5FC9DC1} = {220BD3D1-6302-4B2A-BA2E-B26717B2BB19}
		{94AAB63C-29A7-4C4C-B475-55BD85E9116F} = {20D32270-9346-4CD6-9861-AFEF2ACA5ACA}
		{E084D833-B0D3-498E-B05B-A3600FC89CA8} = {220BD3D1-6302-4B2A-BA2E-B26717B2BB19}
		{462B5608-F064-40C2-84E0-BAB0810549FA} = {20D32270-9346-4CD6-9861-AFEF2ACA5ACA}
		{BFEC9FE5-08D0-44A6-8753-6E13EF635D57} = {A830E213-9E7F-4F61-A04F-6DE1705BF7B9}
		{C1BC048D-BDE3-4AE0-B102-0CDF230E6A5F} = {B41E86A1-01CF-4344-9570-C5E7FD8D07B1}
	EndGlobalSection
	GlobalSection(ExtensibilityGlobals) = postSolution
		SolutionGuid = {FF5E012F-BA4C-4D47-89D3-813E49157094}
	EndGlobalSection
EndGlobal
