
Microsoft Visual Studio Solution File, Format Version 12.00
# Visual Studio Version 16
VisualStudioVersion = 16.0.29806.167
MinimumVisualStudioVersion = 10.0.40219.1
Project("{9A19103F-16F7-4668-BE54-9A1E7A4F7556}") = "单例模式", "单例模式\单例模式.csproj", "{F40525B6-BE25-4FCA-94A0-6AEC18D43BF0}"
EndProject
Project("{FAE04EC0-301F-11D3-BF4B-00C04F79EFBC}") = "简单工厂模式", "简单工厂模式\简单工厂模式.csproj", "{11888CE5-D1F5-4504-8ABC-055CB88F5E02}"
EndProject
Project("{9A19103F-16F7-4668-BE54-9A1E7A4F7556}") = "策略模式", "策略模式\策略模式.csproj", "{0363F66A-7AB9-45C2-9ECB-0F9D863F13AD}"
EndProject
Project("{FAE04EC0-301F-11D3-BF4B-00C04F79EFBC}") = "观察者模式", "观察者模式\观察者模式.csproj", "{A70AC7DD-FC2B-436C-ADC0-B61DB614D816}"
EndProject
Global
	GlobalSection(SolutionConfigurationPlatforms) = preSolution
		Debug|Any CPU = Debug|Any CPU
		Release|Any CPU = Release|Any CPU
	EndGlobalSection
	GlobalSection(ProjectConfigurationPlatforms) = postSolution
		{F40525B6-BE25-4FCA-94A0-6AEC18D43BF0}.Debug|Any CPU.ActiveCfg = Debug|Any CPU
		{F40525B6-BE25-4FCA-94A0-6AEC18D43BF0}.Debug|Any CPU.Build.0 = Debug|Any CPU
		{F40525B6-BE25-4FCA-94A0-6AEC18D43BF0}.Release|Any CPU.ActiveCfg = Release|Any CPU
		{F40525B6-BE25-4FCA-94A0-6AEC18D43BF0}.Release|Any CPU.Build.0 = Release|Any CPU
		{11888CE5-D1F5-4504-8ABC-055CB88F5E02}.Debug|Any CPU.ActiveCfg = Debug|Any CPU
		{11888CE5-D1F5-4504-8ABC-055CB88F5E02}.Debug|Any CPU.Build.0 = Debug|Any CPU
		{11888CE5-D1F5-4504-8ABC-055CB88F5E02}.Release|Any CPU.ActiveCfg = Release|Any CPU
		{11888CE5-D1F5-4504-8ABC-055CB88F5E02}.Release|Any CPU.Build.0 = Release|Any CPU
		{0363F66A-7AB9-45C2-9ECB-0F9D863F13AD}.Debug|Any CPU.ActiveCfg = Debug|Any CPU
		{0363F66A-7AB9-45C2-9ECB-0F9D863F13AD}.Debug|Any CPU.Build.0 = Debug|Any CPU
		{0363F66A-7AB9-45C2-9ECB-0F9D863F13AD}.Release|Any CPU.ActiveCfg = Release|Any CPU
		{0363F66A-7AB9-45C2-9ECB-0F9D863F13AD}.Release|Any CPU.Build.0 = Release|Any CPU
		{A70AC7DD-FC2B-436C-ADC0-B61DB614D816}.Debug|Any CPU.ActiveCfg = Debug|Any CPU
		{A70AC7DD-FC2B-436C-ADC0-B61DB614D816}.Debug|Any CPU.Build.0 = Debug|Any CPU
		{A70AC7DD-FC2B-436C-ADC0-B61DB614D816}.Release|Any CPU.ActiveCfg = Release|Any CPU
		{A70AC7DD-FC2B-436C-ADC0-B61DB614D816}.Release|Any CPU.Build.0 = Release|Any CPU
	EndGlobalSection
	GlobalSection(SolutionProperties) = preSolution
		HideSolutionNode = FALSE
	EndGlobalSection
	GlobalSection(ExtensibilityGlobals) = postSolution
		SolutionGuid = {9B62A717-0CEF-48CA-8F18-FB4F54D6CEBB}
	EndGlobalSection
EndGlobal
