
Microsoft Visual Studio Solution File, Format Version 12.00
# Visual Studio Version 16
VisualStudioVersion = 16.0.29806.167
MinimumVisualStudioVersion = 10.0.40219.1
Project("{FAE04EC0-301F-11D3-BF4B-00C04F79EFBC}") = "NPOI系列", "NPOI系列\NPOI系列.csproj", "{2530BCB4-012A-4FA4-8851-C051D3F388C8}"
EndProject
Project("{FAE04EC0-301F-11D3-BF4B-00C04F79EFBC}") = "SignaIRTest", "SignaIRTest\SignaIRTest.csproj", "{C72DE866-909A-44F9-8556-4B239045B032}"
EndProject
Project("{FAE04EC0-301F-11D3-BF4B-00C04F79EFBC}") = "Redis", "Redis\Redis.csproj", "{5D53C71F-87BA-400A-85E2-CC7B92AA5DA3}"
EndProject
Project("{FAE04EC0-301F-11D3-BF4B-00C04F79EFBC}") = "ElasticSearchDemo", "ElasticSearchDemo\ElasticSearchDemo.csproj", "{DD97F144-2362-471E-9DCC-90CD76C14FB8}"
EndProject
Project("{FAE04EC0-301F-11D3-BF4B-00C04F79EFBC}") = "WebApplication1", "WebApplication1\WebApplication1.csproj", "{6C6A3885-B629-4EEA-A2FF-682F39C4D142}"
EndProject
Project("{FAE04EC0-301F-11D3-BF4B-00C04F79EFBC}") = "图片文字识别", "图片文字识别\图片文字识别.csproj", "{C7984CF9-F9DD-4B55-ABCE-231A58C1571A}"
EndProject
Project("{2150E333-8FDC-42A3-9474-1A3956D46DE8}") = "KnowledgeAcquisition", "KnowledgeAcquisition", "{01697202-D8A6-419C-968C-72ACA3A7B178}"
EndProject
Project("{9A19103F-16F7-4668-BE54-9A1E7A4F7556}") = "KA.Repository", "KA.Repository\KA.Repository.csproj", "{4D5B59A6-F3C9-4557-89E2-6CD430B629CA}"
EndProject
Project("{9A19103F-16F7-4668-BE54-9A1E7A4F7556}") = "KA.IRepository", "KA.IRepository\KA.IRepository.csproj", "{68AB05D6-687A-4DC0-867B-C5677A8A1612}"
EndProject
Project("{9A19103F-16F7-4668-BE54-9A1E7A4F7556}") = "KA.Common", "KA.Common\KA.Common.csproj", "{31CB0521-06AE-48AC-8D39-1BAD754AA2BE}"
EndProject
Project("{9A19103F-16F7-4668-BE54-9A1E7A4F7556}") = "KA.Manager", "KA.Manager\KA.Manager.csproj", "{FC2B08CE-05A2-485F-87CD-1C16DF18189B}"
EndProject
Project("{9A19103F-16F7-4668-BE54-9A1E7A4F7556}") = "KA.Web", "KA.Web\KA.Web.csproj", "{8CA4B36F-CBCC-44B7-8F2C-632ACCC38EFF}"
EndProject
Project("{9A19103F-16F7-4668-BE54-9A1E7A4F7556}") = "特性", "特性\特性.csproj", "{DEC1A929-A3B8-4C3B-AC1E-78336B6AB0A2}"
EndProject
Project("{9A19103F-16F7-4668-BE54-9A1E7A4F7556}") = "定时任务Quartz", "定时任务Quartz\定时任务Quartz.csproj", "{F08D78DB-73AF-4121-94AB-B44265228974}"
EndProject
Project("{2150E333-8FDC-42A3-9474-1A3956D46DE8}") = "日语50音图练习", "日语50音图练习", "{E73B94DB-C372-4C4E-AE2E-2B3A4250FC70}"
EndProject
Project("{FAE04EC0-301F-11D3-BF4B-00C04F79EFBC}") = "50音图", "50音图\50音图.csproj", "{FBB372D6-227F-406D-9C4A-06C70DAB9E38}"
EndProject
Project("{FAE04EC0-301F-11D3-BF4B-00C04F79EFBC}") = "TestConsole", "TestConsole\TestConsole.csproj", "{1F320348-E204-4DCF-9D69-F57C9C4A4A33}"
EndProject
Project("{FAE04EC0-301F-11D3-BF4B-00C04F79EFBC}") = "WpfTest", "WpfTest\WpfTest.csproj", "{0A2084AA-3C1A-4656-A317-0B8F4D427D64}"
EndProject
Project("{2150E333-8FDC-42A3-9474-1A3956D46DE8}") = "Test", "Test", "{6A1678CB-E6BB-423B-932D-5929BF9E006A}"
EndProject
Project("{FAE04EC0-301F-11D3-BF4B-00C04F79EFBC}") = "Socket学习", "Socket学习\Common\Socket学习.csproj", "{B746EEFD-4607-40C7-ACFE-7EFB6B79EFCF}"
EndProject
Project("{FAE04EC0-301F-11D3-BF4B-00C04F79EFBC}") = "WindowsFormsAppTest", "WindowsFormsAppTest\WindowsFormsAppTest.csproj", "{A046AD5F-62DB-438B-B169-031724AE8FB4}"
EndProject
Project("{2150E333-8FDC-42A3-9474-1A3956D46DE8}") = "防坑手册数据", "防坑手册数据", "{CEF5F758-72DD-413F-9E11-7E383585B753}"
EndProject
Project("{FAE04EC0-301F-11D3-BF4B-00C04F79EFBC}") = "防坑手册", "防坑手册\防坑手册.csproj", "{DB2E19D8-1CA5-4BDB-A4C4-A6564A0F5AE9}"
EndProject
Global
	GlobalSection(SolutionConfigurationPlatforms) = preSolution
		Debug|Any CPU = Debug|Any CPU
		Release|Any CPU = Release|Any CPU
	EndGlobalSection
	GlobalSection(ProjectConfigurationPlatforms) = postSolution
		{2530BCB4-012A-4FA4-8851-C051D3F388C8}.Debug|Any CPU.ActiveCfg = Debug|Any CPU
		{2530BCB4-012A-4FA4-8851-C051D3F388C8}.Debug|Any CPU.Build.0 = Debug|Any CPU
		{2530BCB4-012A-4FA4-8851-C051D3F388C8}.Release|Any CPU.ActiveCfg = Release|Any CPU
		{2530BCB4-012A-4FA4-8851-C051D3F388C8}.Release|Any CPU.Build.0 = Release|Any CPU
		{C72DE866-909A-44F9-8556-4B239045B032}.Debug|Any CPU.ActiveCfg = Debug|Any CPU
		{C72DE866-909A-44F9-8556-4B239045B032}.Debug|Any CPU.Build.0 = Debug|Any CPU
		{C72DE866-909A-44F9-8556-4B239045B032}.Release|Any CPU.ActiveCfg = Release|Any CPU
		{C72DE866-909A-44F9-8556-4B239045B032}.Release|Any CPU.Build.0 = Release|Any CPU
		{5D53C71F-87BA-400A-85E2-CC7B92AA5DA3}.Debug|Any CPU.ActiveCfg = Debug|Any CPU
		{5D53C71F-87BA-400A-85E2-CC7B92AA5DA3}.Debug|Any CPU.Build.0 = Debug|Any CPU
		{5D53C71F-87BA-400A-85E2-CC7B92AA5DA3}.Release|Any CPU.ActiveCfg = Release|Any CPU
		{5D53C71F-87BA-400A-85E2-CC7B92AA5DA3}.Release|Any CPU.Build.0 = Release|Any CPU
		{DD97F144-2362-471E-9DCC-90CD76C14FB8}.Debug|Any CPU.ActiveCfg = Debug|Any CPU
		{DD97F144-2362-471E-9DCC-90CD76C14FB8}.Debug|Any CPU.Build.0 = Debug|Any CPU
		{DD97F144-2362-471E-9DCC-90CD76C14FB8}.Release|Any CPU.ActiveCfg = Release|Any CPU
		{DD97F144-2362-471E-9DCC-90CD76C14FB8}.Release|Any CPU.Build.0 = Release|Any CPU
		{6C6A3885-B629-4EEA-A2FF-682F39C4D142}.Debug|Any CPU.ActiveCfg = Debug|Any CPU
		{6C6A3885-B629-4EEA-A2FF-682F39C4D142}.Debug|Any CPU.Build.0 = Debug|Any CPU
		{6C6A3885-B629-4EEA-A2FF-682F39C4D142}.Release|Any CPU.ActiveCfg = Release|Any CPU
		{6C6A3885-B629-4EEA-A2FF-682F39C4D142}.Release|Any CPU.Build.0 = Release|Any CPU
		{C7984CF9-F9DD-4B55-ABCE-231A58C1571A}.Debug|Any CPU.ActiveCfg = Debug|Any CPU
		{C7984CF9-F9DD-4B55-ABCE-231A58C1571A}.Debug|Any CPU.Build.0 = Debug|Any CPU
		{C7984CF9-F9DD-4B55-ABCE-231A58C1571A}.Release|Any CPU.ActiveCfg = Release|Any CPU
		{C7984CF9-F9DD-4B55-ABCE-231A58C1571A}.Release|Any CPU.Build.0 = Release|Any CPU
		{4D5B59A6-F3C9-4557-89E2-6CD430B629CA}.Debug|Any CPU.ActiveCfg = Debug|Any CPU
		{4D5B59A6-F3C9-4557-89E2-6CD430B629CA}.Debug|Any CPU.Build.0 = Debug|Any CPU
		{4D5B59A6-F3C9-4557-89E2-6CD430B629CA}.Release|Any CPU.ActiveCfg = Release|Any CPU
		{4D5B59A6-F3C9-4557-89E2-6CD430B629CA}.Release|Any CPU.Build.0 = Release|Any CPU
		{68AB05D6-687A-4DC0-867B-C5677A8A1612}.Debug|Any CPU.ActiveCfg = Debug|Any CPU
		{68AB05D6-687A-4DC0-867B-C5677A8A1612}.Debug|Any CPU.Build.0 = Debug|Any CPU
		{68AB05D6-687A-4DC0-867B-C5677A8A1612}.Release|Any CPU.ActiveCfg = Release|Any CPU
		{68AB05D6-687A-4DC0-867B-C5677A8A1612}.Release|Any CPU.Build.0 = Release|Any CPU
		{31CB0521-06AE-48AC-8D39-1BAD754AA2BE}.Debug|Any CPU.ActiveCfg = Debug|Any CPU
		{31CB0521-06AE-48AC-8D39-1BAD754AA2BE}.Debug|Any CPU.Build.0 = Debug|Any CPU
		{31CB0521-06AE-48AC-8D39-1BAD754AA2BE}.Release|Any CPU.ActiveCfg = Release|Any CPU
		{31CB0521-06AE-48AC-8D39-1BAD754AA2BE}.Release|Any CPU.Build.0 = Release|Any CPU
		{FC2B08CE-05A2-485F-87CD-1C16DF18189B}.Debug|Any CPU.ActiveCfg = Debug|Any CPU
		{FC2B08CE-05A2-485F-87CD-1C16DF18189B}.Debug|Any CPU.Build.0 = Debug|Any CPU
		{FC2B08CE-05A2-485F-87CD-1C16DF18189B}.Release|Any CPU.ActiveCfg = Release|Any CPU
		{FC2B08CE-05A2-485F-87CD-1C16DF18189B}.Release|Any CPU.Build.0 = Release|Any CPU
		{8CA4B36F-CBCC-44B7-8F2C-632ACCC38EFF}.Debug|Any CPU.ActiveCfg = Debug|Any CPU
		{8CA4B36F-CBCC-44B7-8F2C-632ACCC38EFF}.Debug|Any CPU.Build.0 = Debug|Any CPU
		{8CA4B36F-CBCC-44B7-8F2C-632ACCC38EFF}.Release|Any CPU.ActiveCfg = Release|Any CPU
		{8CA4B36F-CBCC-44B7-8F2C-632ACCC38EFF}.Release|Any CPU.Build.0 = Release|Any CPU
		{DEC1A929-A3B8-4C3B-AC1E-78336B6AB0A2}.Debug|Any CPU.ActiveCfg = Debug|Any CPU
		{DEC1A929-A3B8-4C3B-AC1E-78336B6AB0A2}.Debug|Any CPU.Build.0 = Debug|Any CPU
		{DEC1A929-A3B8-4C3B-AC1E-78336B6AB0A2}.Release|Any CPU.ActiveCfg = Release|Any CPU
		{DEC1A929-A3B8-4C3B-AC1E-78336B6AB0A2}.Release|Any CPU.Build.0 = Release|Any CPU
		{F08D78DB-73AF-4121-94AB-B44265228974}.Debug|Any CPU.ActiveCfg = Debug|Any CPU
		{F08D78DB-73AF-4121-94AB-B44265228974}.Debug|Any CPU.Build.0 = Debug|Any CPU
		{F08D78DB-73AF-4121-94AB-B44265228974}.Release|Any CPU.ActiveCfg = Release|Any CPU
		{F08D78DB-73AF-4121-94AB-B44265228974}.Release|Any CPU.Build.0 = Release|Any CPU
		{FBB372D6-227F-406D-9C4A-06C70DAB9E38}.Debug|Any CPU.ActiveCfg = Debug|Any CPU
		{FBB372D6-227F-406D-9C4A-06C70DAB9E38}.Debug|Any CPU.Build.0 = Debug|Any CPU
		{FBB372D6-227F-406D-9C4A-06C70DAB9E38}.Release|Any CPU.ActiveCfg = Release|Any CPU
		{FBB372D6-227F-406D-9C4A-06C70DAB9E38}.Release|Any CPU.Build.0 = Release|Any CPU
		{1F320348-E204-4DCF-9D69-F57C9C4A4A33}.Debug|Any CPU.ActiveCfg = Debug|Any CPU
		{1F320348-E204-4DCF-9D69-F57C9C4A4A33}.Debug|Any CPU.Build.0 = Debug|Any CPU
		{1F320348-E204-4DCF-9D69-F57C9C4A4A33}.Release|Any CPU.ActiveCfg = Release|Any CPU
		{1F320348-E204-4DCF-9D69-F57C9C4A4A33}.Release|Any CPU.Build.0 = Release|Any CPU
		{0A2084AA-3C1A-4656-A317-0B8F4D427D64}.Debug|Any CPU.ActiveCfg = Debug|Any CPU
		{0A2084AA-3C1A-4656-A317-0B8F4D427D64}.Debug|Any CPU.Build.0 = Debug|Any CPU
		{0A2084AA-3C1A-4656-A317-0B8F4D427D64}.Release|Any CPU.ActiveCfg = Release|Any CPU
		{0A2084AA-3C1A-4656-A317-0B8F4D427D64}.Release|Any CPU.Build.0 = Release|Any CPU
		{B746EEFD-4607-40C7-ACFE-7EFB6B79EFCF}.Debug|Any CPU.ActiveCfg = Debug|Any CPU
		{B746EEFD-4607-40C7-ACFE-7EFB6B79EFCF}.Debug|Any CPU.Build.0 = Debug|Any CPU
		{B746EEFD-4607-40C7-ACFE-7EFB6B79EFCF}.Release|Any CPU.ActiveCfg = Release|Any CPU
		{B746EEFD-4607-40C7-ACFE-7EFB6B79EFCF}.Release|Any CPU.Build.0 = Release|Any CPU
		{A046AD5F-62DB-438B-B169-031724AE8FB4}.Debug|Any CPU.ActiveCfg = Debug|Any CPU
		{A046AD5F-62DB-438B-B169-031724AE8FB4}.Debug|Any CPU.Build.0 = Debug|Any CPU
		{A046AD5F-62DB-438B-B169-031724AE8FB4}.Release|Any CPU.ActiveCfg = Release|Any CPU
		{A046AD5F-62DB-438B-B169-031724AE8FB4}.Release|Any CPU.Build.0 = Release|Any CPU
		{DB2E19D8-1CA5-4BDB-A4C4-A6564A0F5AE9}.Debug|Any CPU.ActiveCfg = Debug|Any CPU
		{DB2E19D8-1CA5-4BDB-A4C4-A6564A0F5AE9}.Debug|Any CPU.Build.0 = Debug|Any CPU
		{DB2E19D8-1CA5-4BDB-A4C4-A6564A0F5AE9}.Release|Any CPU.ActiveCfg = Release|Any CPU
		{DB2E19D8-1CA5-4BDB-A4C4-A6564A0F5AE9}.Release|Any CPU.Build.0 = Release|Any CPU
	EndGlobalSection
	GlobalSection(SolutionProperties) = preSolution
		HideSolutionNode = FALSE
	EndGlobalSection
	GlobalSection(NestedProjects) = preSolution
		{C72DE866-909A-44F9-8556-4B239045B032} = {6A1678CB-E6BB-423B-932D-5929BF9E006A}
		{6C6A3885-B629-4EEA-A2FF-682F39C4D142} = {6A1678CB-E6BB-423B-932D-5929BF9E006A}
		{4D5B59A6-F3C9-4557-89E2-6CD430B629CA} = {01697202-D8A6-419C-968C-72ACA3A7B178}
		{68AB05D6-687A-4DC0-867B-C5677A8A1612} = {01697202-D8A6-419C-968C-72ACA3A7B178}
		{31CB0521-06AE-48AC-8D39-1BAD754AA2BE} = {01697202-D8A6-419C-968C-72ACA3A7B178}
		{FC2B08CE-05A2-485F-87CD-1C16DF18189B} = {01697202-D8A6-419C-968C-72ACA3A7B178}
		{8CA4B36F-CBCC-44B7-8F2C-632ACCC38EFF} = {01697202-D8A6-419C-968C-72ACA3A7B178}
		{FBB372D6-227F-406D-9C4A-06C70DAB9E38} = {E73B94DB-C372-4C4E-AE2E-2B3A4250FC70}
		{1F320348-E204-4DCF-9D69-F57C9C4A4A33} = {6A1678CB-E6BB-423B-932D-5929BF9E006A}
		{0A2084AA-3C1A-4656-A317-0B8F4D427D64} = {6A1678CB-E6BB-423B-932D-5929BF9E006A}
		{A046AD5F-62DB-438B-B169-031724AE8FB4} = {6A1678CB-E6BB-423B-932D-5929BF9E006A}
		{DB2E19D8-1CA5-4BDB-A4C4-A6564A0F5AE9} = {CEF5F758-72DD-413F-9E11-7E383585B753}
	EndGlobalSection
	GlobalSection(ExtensibilityGlobals) = postSolution
		SolutionGuid = {DDE9BAC2-3D6E-48FA-8EB9-86E1A0BF3405}
	EndGlobalSection
EndGlobal
