
Microsoft Visual Studio Solution File, Format Version 12.00
# Visual Studio Version 16
VisualStudioVersion = 16.0.30320.27
MinimumVisualStudioVersion = 10.0.40219.1
Project("{2150E333-8FDC-42A3-9474-1A3956D46DE8}") = "CORE3.1", "CORE3.1", "{F6F651A9-7090-46A4-8EFD-DC100D0F6EB9}"
EndProject
Project("{FAE04EC0-301F-11D3-BF4B-00C04F79EFBC}") = "Demo3.1.App", "Demo3.1\Demo3.1.App.csproj", "{239EF3D3-269D-41E4-8D02-6CAF1BB16E0C}"
EndProject
Project("{FAE04EC0-301F-11D3-BF4B-00C04F79EFBC}") = "Demo3.1.Data", "Demo3.1.Data\Demo3.1.Data.csproj", "{6E3F56B2-088D-4088-B695-C9683C01FADD}"
EndProject
Project("{FAE04EC0-301F-11D3-BF4B-00C04F79EFBC}") = "Demo3.1.Domain", "Demo3.1.Domain\Demo3.1.Domain.csproj", "{6229164C-2A30-4169-BC7A-11AFC4B0E95E}"
EndProject
Global
	GlobalSection(SolutionConfigurationPlatforms) = preSolution
		Debug|Any CPU = Debug|Any CPU
		Release|Any CPU = Release|Any CPU
	EndGlobalSection
	GlobalSection(ProjectConfigurationPlatforms) = postSolution
		{239EF3D3-269D-41E4-8D02-6CAF1BB16E0C}.Debug|Any CPU.ActiveCfg = Debug|Any CPU
		{239EF3D3-269D-41E4-8D02-6CAF1BB16E0C}.Debug|Any CPU.Build.0 = Debug|Any CPU
		{239EF3D3-269D-41E4-8D02-6CAF1BB16E0C}.Release|Any CPU.ActiveCfg = Release|Any CPU
		{239EF3D3-269D-41E4-8D02-6CAF1BB16E0C}.Release|Any CPU.Build.0 = Release|Any CPU
		{6E3F56B2-088D-4088-B695-C9683C01FADD}.Debug|Any CPU.ActiveCfg = Debug|Any CPU
		{6E3F56B2-088D-4088-B695-C9683C01FADD}.Debug|Any CPU.Build.0 = Debug|Any CPU
		{6E3F56B2-088D-4088-B695-C9683C01FADD}.Release|Any CPU.ActiveCfg = Release|Any CPU
		{6E3F56B2-088D-4088-B695-C9683C01FADD}.Release|Any CPU.Build.0 = Release|Any CPU
		{6229164C-2A30-4169-BC7A-11AFC4B0E95E}.Debug|Any CPU.ActiveCfg = Debug|Any CPU
		{6229164C-2A30-4169-BC7A-11AFC4B0E95E}.Debug|Any CPU.Build.0 = Debug|Any CPU
		{6229164C-2A30-4169-BC7A-11AFC4B0E95E}.Release|Any CPU.ActiveCfg = Release|Any CPU
		{6229164C-2A30-4169-BC7A-11AFC4B0E95E}.Release|Any CPU.Build.0 = Release|Any CPU
	EndGlobalSection
	GlobalSection(SolutionProperties) = preSolution
		HideSolutionNode = FALSE
	EndGlobalSection
	GlobalSection(NestedProjects) = preSolution
		{239EF3D3-269D-41E4-8D02-6CAF1BB16E0C} = {F6F651A9-7090-46A4-8EFD-DC100D0F6EB9}
		{6E3F56B2-088D-4088-B695-C9683C01FADD} = {F6F651A9-7090-46A4-8EFD-DC100D0F6EB9}
		{6229164C-2A30-4169-BC7A-11AFC4B0E95E} = {F6F651A9-7090-46A4-8EFD-DC100D0F6EB9}
	EndGlobalSection
	GlobalSection(ExtensibilityGlobals) = postSolution
		SolutionGuid = {8E112794-6380-4A45-A78C-58EED1349C76}
	EndGlobalSection
EndGlobal
