
Microsoft Visual Studio Solution File, Format Version 12.00
# Visual Studio Version 16
VisualStudioVersion = 16.0.30204.135
MinimumVisualStudioVersion = 10.0.40219.1
Project("{FAE04EC0-301F-11D3-BF4B-00C04F79EFBC}") = "线程池", "线程池\线程池.csproj", "{04753794-5503-4263-A4FB-C387617B1267}"
EndProject
Project("{9A19103F-16F7-4668-BE54-9A1E7A4F7556}") = "Common", "..\Common\Common.csproj", "{83088EDD-2485-4A6F-8541-860ABB4B15FF}"
EndProject
Global
	GlobalSection(SolutionConfigurationPlatforms) = preSolution
		Debug|Any CPU = Debug|Any CPU
		Release|Any CPU = Release|Any CPU
	EndGlobalSection
	GlobalSection(ProjectConfigurationPlatforms) = postSolution
		{04753794-5503-4263-A4FB-C387617B1267}.Debug|Any CPU.ActiveCfg = Debug|Any CPU
		{04753794-5503-4263-A4FB-C387617B1267}.Debug|Any CPU.Build.0 = Debug|Any CPU
		{04753794-5503-4263-A4FB-C387617B1267}.Release|Any CPU.ActiveCfg = Release|Any CPU
		{04753794-5503-4263-A4FB-C387617B1267}.Release|Any CPU.Build.0 = Release|Any CPU
		{83088EDD-2485-4A6F-8541-860ABB4B15FF}.Debug|Any CPU.ActiveCfg = Debug|Any CPU
		{83088EDD-2485-4A6F-8541-860ABB4B15FF}.Debug|Any CPU.Build.0 = Debug|Any CPU
		{83088EDD-2485-4A6F-8541-860ABB4B15FF}.Release|Any CPU.ActiveCfg = Release|Any CPU
		{83088EDD-2485-4A6F-8541-860ABB4B15FF}.Release|Any CPU.Build.0 = Release|Any CPU
	EndGlobalSection
	GlobalSection(SolutionProperties) = preSolution
		HideSolutionNode = FALSE
	EndGlobalSection
	GlobalSection(ExtensibilityGlobals) = postSolution
		SolutionGuid = {53212D48-3562-42FD-B7EC-81CBF4EBF9DE}
	EndGlobalSection
EndGlobal
