
Microsoft Visual Studio Solution File, Format Version 12.00
# Visual Studio Version 16
VisualStudioVersion = 16.0.30204.135
MinimumVisualStudioVersion = 10.0.40219.1
Project("{9A19103F-16F7-4668-BE54-9A1E7A4F7556}") = "Common", "..\Common\Common.csproj", "{4C0D02AF-B56B-4CF3-9E17-2073AFCF4948}"
EndProject
Project("{FAE04EC0-301F-11D3-BF4B-00C04F79EFBC}") = "ES", "ES\ES.csproj", "{5E41A214-E558-424A-9D17-79198434AA3B}"
EndProject
Global
	GlobalSection(SolutionConfigurationPlatforms) = preSolution
		Debug|Any CPU = Debug|Any CPU
		Release|Any CPU = Release|Any CPU
	EndGlobalSection
	GlobalSection(ProjectConfigurationPlatforms) = postSolution
		{4C0D02AF-B56B-4CF3-9E17-2073AFCF4948}.Debug|Any CPU.ActiveCfg = Debug|Any CPU
		{4C0D02AF-B56B-4CF3-9E17-2073AFCF4948}.Debug|Any CPU.Build.0 = Debug|Any CPU
		{4C0D02AF-B56B-4CF3-9E17-2073AFCF4948}.Release|Any CPU.ActiveCfg = Release|Any CPU
		{4C0D02AF-B56B-4CF3-9E17-2073AFCF4948}.Release|Any CPU.Build.0 = Release|Any CPU
		{5E41A214-E558-424A-9D17-79198434AA3B}.Debug|Any CPU.ActiveCfg = Debug|Any CPU
		{5E41A214-E558-424A-9D17-79198434AA3B}.Debug|Any CPU.Build.0 = Debug|Any CPU
		{5E41A214-E558-424A-9D17-79198434AA3B}.Release|Any CPU.ActiveCfg = Release|Any CPU
		{5E41A214-E558-424A-9D17-79198434AA3B}.Release|Any CPU.Build.0 = Release|Any CPU
	EndGlobalSection
	GlobalSection(SolutionProperties) = preSolution
		HideSolutionNode = FALSE
	EndGlobalSection
	GlobalSection(ExtensibilityGlobals) = postSolution
		SolutionGuid = {EFE248B4-C699-4C05-8916-316CB1C23CEA}
	EndGlobalSection
EndGlobal
