
Microsoft Visual Studio Solution File, Format Version 12.00
# Visual Studio Version 16
VisualStudioVersion = 16.0.29806.167
MinimumVisualStudioVersion = 10.0.40219.1
Project("{9A19103F-16F7-4668-BE54-9A1E7A4F7556}") = "9frf", "9frf\9frf.csproj", "{3BFF9012-0E1A-4002-9BC0-CA4C44E7A8BF}"
EndProject
Project("{FAE04EC0-301F-11D3-BF4B-00C04F79EFBC}") = "ConsoleApp1", "ConsoleApp1\ConsoleApp1.csproj", "{8AAB7D0F-64FF-4642-A873-6912F221172E}"
EndProject
Global
	GlobalSection(SolutionConfigurationPlatforms) = preSolution
		Debug|Any CPU = Debug|Any CPU
		Release|Any CPU = Release|Any CPU
	EndGlobalSection
	GlobalSection(ProjectConfigurationPlatforms) = postSolution
		{3BFF9012-0E1A-4002-9BC0-CA4C44E7A8BF}.Debug|Any CPU.ActiveCfg = Debug|Any CPU
		{3BFF9012-0E1A-4002-9BC0-CA4C44E7A8BF}.Debug|Any CPU.Build.0 = Debug|Any CPU
		{3BFF9012-0E1A-4002-9BC0-CA4C44E7A8BF}.Release|Any CPU.ActiveCfg = Release|Any CPU
		{3BFF9012-0E1A-4002-9BC0-CA4C44E7A8BF}.Release|Any CPU.Build.0 = Release|Any CPU
		{8AAB7D0F-64FF-4642-A873-6912F221172E}.Debug|Any CPU.ActiveCfg = Debug|Any CPU
		{8AAB7D0F-64FF-4642-A873-6912F221172E}.Debug|Any CPU.Build.0 = Debug|Any CPU
		{8AAB7D0F-64FF-4642-A873-6912F221172E}.Release|Any CPU.ActiveCfg = Release|Any CPU
		{8AAB7D0F-64FF-4642-A873-6912F221172E}.Release|Any CPU.Build.0 = Release|Any CPU
	EndGlobalSection
	GlobalSection(SolutionProperties) = preSolution
		HideSolutionNode = FALSE
	EndGlobalSection
	GlobalSection(ExtensibilityGlobals) = postSolution
		SolutionGuid = {5B59CCA0-508E-424D-B891-EE01BBAA3676}
	EndGlobalSection
EndGlobal
